# This file was autogenerated by Stack.
# You should not edit this file by hand.
# For more information, please see the documentation at:
#   https://docs.haskellstack.org/en/stable/topics/lock_files

packages:
- completed:
    hackage: lrucaching-0.3.5@sha256:27bf853283f36d4ce3c268842288c11d1b03e35445ba9ad615674f9ecc0ecd2a,2015
    pantry-tree:
      sha256: 996b3f2ac324eec22f95fedf245a7ee421efacf5a026b40fd2a959b7a04e4b88
      size: 784
  original:
    hackage: lrucaching-0.3.5@sha256:27bf853283f36d4ce3c268842288c11d1b03e35445ba9ad615674f9ecc0ecd2a,2015
snapshots:
- completed:
    sha256: a8cfaae441160430cdde558cb80d4f9d60746e7417b275250e4e0af57ee14f36
    size: 728954
    url: https://raw.githubusercontent.com/commercialhaskell/stackage-snapshots/master/lts/24/33.yaml
  original: lts-24.33
