# This file was autogenerated by Stack.
# You should not edit this file by hand.
# For more information, please see the documentation at:
#   https://docs.haskellstack.org/en/stable/topics/lock_files

packages:
- completed:
    hackage: lrucaching-0.3.4@sha256:d101c884e5b13c1788c20ac98ab7501a2b8d1a33153970ea432b2b87e9970258,1985
    pantry-tree:
      sha256: e33f6d54f7e426d45a5988fc7dcc5aff39c03dcc1efbd8006b40aa5d470b98cf
      size: 784
  original:
    hackage: lrucaching-0.3.4@sha256:d101c884e5b13c1788c20ac98ab7501a2b8d1a33153970ea432b2b87e9970258,1985
snapshots:
- completed:
    sha256: 400dfb2174640dd2f9f2ba7cbf9148699f2380ab64faa46f4be298a5d6205316
    size: 684057
    url: https://raw.githubusercontent.com/commercialhaskell/stackage-snapshots/master/lts/23/24.yaml
  original: lts-23.24
